
Microsoft Visual Studio Solution File, Format Version 12.00
# Visual Studio Version 17
VisualStudioVersion = 17.13.35919.96 d17.13
MinimumVisualStudioVersion = 10.0.40219.1
Project("{FAE04EC0-301F-11D3-BF4B-00C04F79EFBC}") = "Assgment", "Assgment\Assgment.csproj", "{3406B067-CF9E-4503-8B46-9D5D3C1B557B}"
EndProject
Global
	GlobalSection(SolutionConfigurationPlatforms) = preSolution
		Debug|Any CPU = Debug|Any CPU
		Release|Any CPU = Release|Any CPU
	EndGlobalSection
	GlobalSection(ProjectConfigurationPlatforms) = postSolution
		{3406B067-CF9E-4503-8B46-9D5D3C1B557B}.Debug|Any CPU.ActiveCfg = Debug|Any CPU
		{3406B067-CF9E-4503-8B46-9D5D3C1B557B}.Debug|Any CPU.Build.0 = Debug|Any CPU
		{3406B067-CF9E-4503-8B46-9D5D3C1B557B}.Release|Any CPU.ActiveCfg = Release|Any CPU
		{3406B067-CF9E-4503-8B46-9D5D3C1B557B}.Release|Any CPU.Build.0 = Release|Any CPU
	EndGlobalSection
	GlobalSection(SolutionProperties) = preSolution
		HideSolutionNode = FALSE
	EndGlobalSection
	GlobalSection(ExtensibilityGlobals) = postSolution
		SolutionGuid = {ACE9E050-8B96-4AF2-B42A-E621F5AD3FC4}
	EndGlobalSection
EndGlobal
